
Microsoft Visual Studio Solution File, Format Version 12.00
# Visual Studio Version 16
VisualStudioVersion = 16.0.36107.64
MinimumVisualStudioVersion = 10.0.40219.1
Project("{8BC9CEB8-8B4A-11D0-8D11-00A0C91BC942}") = "Example", "Example\Example.vcxproj", "{50872C70-3896-41D5-9FA8-8DAB8E70213D}"
EndProject
Global
	GlobalSection(SolutionConfigurationPlatforms) = preSolution
		Debug|x64 = Debug|x64
		Debug|x86 = Debug|x86
		Release|x64 = Release|x64
		Release|x86 = Release|x86
	EndGlobalSection
	GlobalSection(ProjectConfigurationPlatforms) = postSolution
		{50872C70-3896-41D5-9FA8-8DAB8E70213D}.Debug|x64.ActiveCfg = Debug|x64
		{50872C70-3896-41D5-9FA8-8DAB8E70213D}.Debug|x64.Build.0 = Debug|x64
		{50872C70-3896-41D5-9FA8-8DAB8E70213D}.Debug|x86.ActiveCfg = Debug|Win32
		{50872C70-3896-41D5-9FA8-8DAB8E70213D}.Debug|x86.Build.0 = Debug|Win32
		{50872C70-3896-41D5-9FA8-8DAB8E70213D}.Release|x64.ActiveCfg = Release|x64
		{50872C70-3896-41D5-9FA8-8DAB8E70213D}.Release|x64.Build.0 = Release|x64
		{50872C70-3896-41D5-9FA8-8DAB8E70213D}.Release|x86.ActiveCfg = Release|Win32
		{50872C70-3896-41D5-9FA8-8DAB8E70213D}.Release|x86.Build.0 = Release|Win32
	EndGlobalSection
	GlobalSection(SolutionProperties) = preSolution
		HideSolutionNode = FALSE
	EndGlobalSection
	GlobalSection(ExtensibilityGlobals) = postSolution
		SolutionGuid = {D09BA187-89A3-480F-BDCC-00171E4A1CBB}
	EndGlobalSection
EndGlobal
